
Microsoft Visual Studio Solution File, Format Version 12.00
# Visual Studio Version 17
VisualStudioVersion = 17.2.32602.215
MinimumVisualStudioVersion = 10.0.40219.1
Project("{FAE04EC0-301F-11D3-BF4B-00C04F79EFBC}") = "BankEncapsulation", "BankEncapsulation\BankEncapsulation.csproj", "{12422CE6-9181-48E9-B5A4-BA9AEA852FF8}"
EndProject
Global
	GlobalSection(SolutionConfigurationPlatforms) = preSolution
		Debug|Any CPU = Debug|Any CPU
		Release|Any CPU = Release|Any CPU
	EndGlobalSection
	GlobalSection(ProjectConfigurationPlatforms) = postSolution
		{12422CE6-9181-48E9-B5A4-BA9AEA852FF8}.Debug|Any CPU.ActiveCfg = Debug|Any CPU
		{12422CE6-9181-48E9-B5A4-BA9AEA852FF8}.Debug|Any CPU.Build.0 = Debug|Any CPU
		{12422CE6-9181-48E9-B5A4-BA9AEA852FF8}.Release|Any CPU.ActiveCfg = Release|Any CPU
		{12422CE6-9181-48E9-B5A4-BA9AEA852FF8}.Release|Any CPU.Build.0 = Release|Any CPU
	EndGlobalSection
	GlobalSection(SolutionProperties) = preSolution
		HideSolutionNode = FALSE
	EndGlobalSection
	GlobalSection(ExtensibilityGlobals) = postSolution
		SolutionGuid = {6D7349E0-EFC7-4CF7-9012-966D5CC11689}
	EndGlobalSection
EndGlobal
